// !$*UTF8*$!
{
	archiveVersion = 1;
	classes = {
	};
	objectVersion = 48;
	objects = {

/* Begin PBXBuildFile section */
		833AF9D52404C8C40079FA56 /* ReqBuilder.cpp in Sources */ = {isa = PBXBuildFile; fileRef = 833AF9D22404C8C30079FA56 /* ReqBuilder.cpp */; };
		833AF9D62404C8C40079FA56 /* Thread.cpp in Sources */ = {isa = PBXBuildFile; fileRef = 833AF9D32404C8C30079FA56 /* Thread.cpp */; };
		834B723124008DC400AB377E /* main.cpp in Sources */ = {isa = PBXBuildFile; fileRef = 834B723024008DC400AB377E /* main.cpp */; };
		834B723924008DDC00AB377E /* Merchant.cpp in Sources */ = {isa = PBXBuildFile; fileRef = 834B723724008DDC00AB377E /* Merchant.cpp */; };
		834B723E24008E7A00AB377E /* eCashDTO.cpp in Sources */ = {isa = PBXBuildFile; fileRef = 834B723B24008E7A00AB377E /* eCashDTO.cpp */; };
		834B723F24008E7A00AB377E /* RSA.cpp in Sources */ = {isa = PBXBuildFile; fileRef = 834B723D24008E7A00AB377E /* RSA.cpp */; };
/* End PBXBuildFile section */

/* Begin PBXCopyFilesBuildPhase section */
		834B722B24008DC400AB377E /* CopyFiles */ = {
			isa = PBXCopyFilesBuildPhase;
			buildActionMask = 2147483647;
			dstPath = /usr/share/man/man1/;
			dstSubfolderSpec = 0;
			files = (
			);
			runOnlyForDeploymentPostprocessing = 1;
		};
/* End PBXCopyFilesBuildPhase section */

/* Begin PBXFileReference section */
		833AF9D12404C8C30079FA56 /* ReqBuilder.hpp */ = {isa = PBXFileReference; fileEncoding = 4; lastKnownFileType = sourcecode.cpp.h; path = ReqBuilder.hpp; sourceTree = "<group>"; };
		833AF9D22404C8C30079FA56 /* ReqBuilder.cpp */ = {isa = PBXFileReference; fileEncoding = 4; lastKnownFileType = sourcecode.cpp.cpp; path = ReqBuilder.cpp; sourceTree = "<group>"; };
		833AF9D32404C8C30079FA56 /* Thread.cpp */ = {isa = PBXFileReference; fileEncoding = 4; lastKnownFileType = sourcecode.cpp.cpp; path = Thread.cpp; sourceTree = "<group>"; };
		833AF9D42404C8C40079FA56 /* Thread.h */ = {isa = PBXFileReference; fileEncoding = 4; lastKnownFileType = sourcecode.c.h; path = Thread.h; sourceTree = "<group>"; };
		834B722D24008DC400AB377E /* eCash_merchant */ = {isa = PBXFileReference; explicitFileType = "compiled.mach-o.executable"; includeInIndex = 0; path = eCash_merchant; sourceTree = BUILT_PRODUCTS_DIR; };
		834B723024008DC400AB377E /* main.cpp */ = {isa = PBXFileReference; lastKnownFileType = sourcecode.cpp.cpp; path = main.cpp; sourceTree = "<group>"; };
		834B723724008DDC00AB377E /* Merchant.cpp */ = {isa = PBXFileReference; lastKnownFileType = sourcecode.cpp.cpp; path = Merchant.cpp; sourceTree = "<group>"; };
		834B723824008DDC00AB377E /* Merchant.hpp */ = {isa = PBXFileReference; lastKnownFileType = sourcecode.cpp.h; path = Merchant.hpp; sourceTree = "<group>"; };
		834B723A24008E7A00AB377E /* eCashDTO.hpp */ = {isa = PBXFileReference; fileEncoding = 4; lastKnownFileType = sourcecode.cpp.h; path = eCashDTO.hpp; sourceTree = "<group>"; };
		834B723B24008E7A00AB377E /* eCashDTO.cpp */ = {isa = PBXFileReference; fileEncoding = 4; lastKnownFileType = sourcecode.cpp.cpp; path = eCashDTO.cpp; sourceTree = "<group>"; };
		834B723C24008E7A00AB377E /* RSA.hpp */ = {isa = PBXFileReference; fileEncoding = 4; lastKnownFileType = sourcecode.cpp.h; path = RSA.hpp; sourceTree = "<group>"; };
		834B723D24008E7A00AB377E /* RSA.cpp */ = {isa = PBXFileReference; fileEncoding = 4; lastKnownFileType = sourcecode.cpp.cpp; path = RSA.cpp; sourceTree = "<group>"; };
/* End PBXFileReference section */

/* Begin PBXFrameworksBuildPhase section */
		834B722A24008DC400AB377E /* Frameworks */ = {
			isa = PBXFrameworksBuildPhase;
			buildActionMask = 2147483647;
			files = (
			);
			runOnlyForDeploymentPostprocessing = 0;
		};
/* End PBXFrameworksBuildPhase section */

/* Begin PBXGroup section */
		834B722424008DC400AB377E = {
			isa = PBXGroup;
			children = (
				834B722F24008DC400AB377E /* eCash_merchant */,
				834B722E24008DC400AB377E /* Products */,
			);
			sourceTree = "<group>";
		};
		834B722E24008DC400AB377E /* Products */ = {
			isa = PBXGroup;
			children = (
				834B722D24008DC400AB377E /* eCash_merchant */,
			);
			name = Products;
			sourceTree = "<group>";
		};
		834B722F24008DC400AB377E /* eCash_merchant */ = {
			isa = PBXGroup;
			children = (
				833AF9D22404C8C30079FA56 /* ReqBuilder.cpp */,
				833AF9D12404C8C30079FA56 /* ReqBuilder.hpp */,
				833AF9D32404C8C30079FA56 /* Thread.cpp */,
				833AF9D42404C8C40079FA56 /* Thread.h */,
				834B723B24008E7A00AB377E /* eCashDTO.cpp */,
				834B723A24008E7A00AB377E /* eCashDTO.hpp */,
				834B723D24008E7A00AB377E /* RSA.cpp */,
				834B723C24008E7A00AB377E /* RSA.hpp */,
				834B723024008DC400AB377E /* main.cpp */,
				834B723724008DDC00AB377E /* Merchant.cpp */,
				834B723824008DDC00AB377E /* Merchant.hpp */,
			);
			path = eCash_merchant;
			sourceTree = "<group>";
		};
/* End PBXGroup section */

/* Begin PBXNativeTarget section */
		834B722C24008DC400AB377E /* eCash_merchant */ = {
			isa = PBXNativeTarget;
			buildConfigurationList = 834B723424008DC400AB377E /* Build configuration list for PBXNativeTarget "eCash_merchant" */;
			buildPhases = (
				834B722924008DC400AB377E /* Sources */,
				834B722A24008DC400AB377E /* Frameworks */,
				834B722B24008DC400AB377E /* CopyFiles */,
			);
			buildRules = (
			);
			dependencies = (
			);
			name = eCash_merchant;
			productName = eCash_merchant;
			productReference = 834B722D24008DC400AB377E /* eCash_merchant */;
			productType = "com.apple.product-type.tool";
		};
/* End PBXNativeTarget section */

/* Begin PBXProject section */
		834B722524008DC400AB377E /* Project object */ = {
			isa = PBXProject;
			attributes = {
				LastUpgradeCheck = 0900;
				ORGANIZATIONNAME = "Raisa Islam";
				TargetAttributes = {
					834B722C24008DC400AB377E = {
						CreatedOnToolsVersion = 9.0;
						ProvisioningStyle = Automatic;
					};
				};
			};
			buildConfigurationList = 834B722824008DC400AB377E /* Build configuration list for PBXProject "eCash_merchant" */;
			compatibilityVersion = "Xcode 8.0";
			developmentRegion = en;
			hasScannedForEncodings = 0;
			knownRegions = (
				en,
			);
			mainGroup = 834B722424008DC400AB377E;
			productRefGroup = 834B722E24008DC400AB377E /* Products */;
			projectDirPath = "";
			projectRoot = "";
			targets = (
				834B722C24008DC400AB377E /* eCash_merchant */,
			);
		};
/* End PBXProject section */

/* Begin PBXSourcesBuildPhase section */
		834B722924008DC400AB377E /* Sources */ = {
			isa = PBXSourcesBuildPhase;
			buildActionMask = 2147483647;
			files = (
				834B723124008DC400AB377E /* main.cpp in Sources */,
				833AF9D52404C8C40079FA56 /* ReqBuilder.cpp in Sources */,
				834B723E24008E7A00AB377E /* eCashDTO.cpp in Sources */,
				834B723F24008E7A00AB377E /* RSA.cpp in Sources */,
				834B723924008DDC00AB377E /* Merchant.cpp in Sources */,
				833AF9D62404C8C40079FA56 /* Thread.cpp in Sources */,
			);
			runOnlyForDeploymentPostprocessing = 0;
		};
/* End PBXSourcesBuildPhase section */

/* Begin XCBuildConfiguration section */
		834B723224008DC400AB377E /* Debug */ = {
			isa = XCBuildConfiguration;
			buildSettings = {
				ALWAYS_SEARCH_USER_PATHS = NO;
				CLANG_ANALYZER_NONNULL = YES;
				CLANG_ANALYZER_NUMBER_OBJECT_CONVERSION = YES_AGGRESSIVE;
				CLANG_CXX_LANGUAGE_STANDARD = "gnu++17";
				CLANG_CXX_LIBRARY = "libc++";
				CLANG_ENABLE_MODULES = YES;
				CLANG_ENABLE_OBJC_ARC = YES;
				CLANG_WARN_BLOCK_CAPTURE_AUTORELEASING = YES;
				CLANG_WARN_BOOL_CONVERSION = YES;
				CLANG_WARN_COMMA = YES;
				CLANG_WARN_CONSTANT_CONVERSION = YES;
				CLANG_WARN_DIRECT_OBJC_ISA_USAGE = YES_ERROR;
				CLANG_WARN_DOCUMENTATION_COMMENTS = YES;
				CLANG_WARN_EMPTY_BODY = YES;
				CLANG_WARN_ENUM_CONVERSION = YES;
				CLANG_WARN_INFINITE_RECURSION = YES;
				CLANG_WARN_INT_CONVERSION = YES;
				CLANG_WARN_NON_LITERAL_NULL_CONVERSION = YES;
				CLANG_WARN_OBJC_LITERAL_CONVERSION = YES;
				CLANG_WARN_OBJC_ROOT_CLASS = YES_ERROR;
				CLANG_WARN_RANGE_LOOP_ANALYSIS = YES;
				CLANG_WARN_STRICT_PROTOTYPES = YES;
				CLANG_WARN_SUSPICIOUS_MOVE = YES;
				CLANG_WARN_UNGUARDED_AVAILABILITY = YES_AGGRESSIVE;
				CLANG_WARN_UNREACHABLE_CODE = YES;
				CLANG_WARN__DUPLICATE_METHOD_MATCH = YES;
				CODE_SIGN_IDENTITY = "-";
				COPY_PHASE_STRIP = NO;
				DEBUG_INFORMATION_FORMAT = dwarf;
				ENABLE_STRICT_OBJC_MSGSEND = YES;
				ENABLE_TESTABILITY = YES;
				GCC_C_LANGUAGE_STANDARD = gnu11;
				GCC_DYNAMIC_NO_PIC = NO;
				GCC_NO_COMMON_BLOCKS = YES;
				GCC_OPTIMIZATION_LEVEL = 0;
				GCC_PREPROCESSOR_DEFINITIONS = (
					"DEBUG=1",
					"$(inherited)",
				);
				GCC_WARN_64_TO_32_BIT_CONVERSION = YES;
				GCC_WARN_ABOUT_RETURN_TYPE = YES_ERROR;
				GCC_WARN_UNDECLARED_SELECTOR = YES;
				GCC_WARN_UNINITIALIZED_AUTOS = YES_AGGRESSIVE;
				GCC_WARN_UNUSED_FUNCTION = YES;
				GCC_WARN_UNUSED_VARIABLE = YES;
				MACOSX_DEPLOYMENT_TARGET = 10.13;
				MTL_ENABLE_DEBUG_INFO = YES;
				ONLY_ACTIVE_ARCH = YES;
				SDKROOT = macosx;
			};
			name = Debug;
		};
		834B723324008DC400AB377E /* Release */ = {
			isa = XCBuildConfiguration;
			buildSettings = {
				ALWAYS_SEARCH_USER_PATHS = NO;
				CLANG_ANALYZER_NONNULL = YES;
				CLANG_ANALYZER_NUMBER_OBJECT_CONVERSION = YES_AGGRESSIVE;
				CLANG_CXX_LANGUAGE_STANDARD = "gnu++17";
				CLANG_CXX_LIBRARY = "libc++";
				CLANG_ENABLE_MODULES = YES;
				CLANG_ENABLE_OBJC_ARC = YES;
				CLANG_WARN_BLOCK_CAPTURE_AUTORELEASING = YES;
				CLANG_WARN_BOOL_CONVERSION = YES;
				CLANG_WARN_COMMA = YES;
				CLANG_WARN_CONSTANT_CONVERSION = YES;
				CLANG_WARN_DIRECT_OBJC_ISA_USAGE = YES_ERROR;
				CLANG_WARN_DOCUMENTATION_COMMENTS = YES;
				CLANG_WARN_EMPTY_BODY = YES;
				CLANG_WARN_ENUM_CONVERSION = YES;
				CLANG_WARN_INFINITE_RECURSION = YES;
				CLANG_WARN_INT_CONVERSION = YES;
				CLANG_WARN_NON_LITERAL_NULL_CONVERSION = YES;
				CLANG_WARN_OBJC_LITERAL_CONVERSION = YES;
				CLANG_WARN_OBJC_ROOT_CLASS = YES_ERROR;
				CLANG_WARN_RANGE_LOOP_ANALYSIS = YES;
				CLANG_WARN_STRICT_PROTOTYPES = YES;
				CLANG_WARN_SUSPICIOUS_MOVE = YES;
				CLANG_WARN_UNGUARDED_AVAILABILITY = YES_AGGRESSIVE;
				CLANG_WARN_UNREACHABLE_CODE = YES;
				CLANG_WARN__DUPLICATE_METHOD_MATCH = YES;
				CODE_SIGN_IDENTITY = "-";
				COPY_PHASE_STRIP = NO;
				DEBUG_INFORMATION_FORMAT = "dwarf-with-dsym";
				ENABLE_NS_ASSERTIONS = NO;
				ENABLE_STRICT_OBJC_MSGSEND = YES;
				GCC_C_LANGUAGE_STANDARD = gnu11;
				GCC_NO_COMMON_BLOCKS = YES;
				GCC_WARN_64_TO_32_BIT_CONVERSION = YES;
				GCC_WARN_ABOUT_RETURN_TYPE = YES_ERROR;
				GCC_WARN_UNDECLARED_SELECTOR = YES;
				GCC_WARN_UNINITIALIZED_AUTOS = YES_AGGRESSIVE;
				GCC_WARN_UNUSED_FUNCTION = YES;
				GCC_WARN_UNUSED_VARIABLE = YES;
				MACOSX_DEPLOYMENT_TARGET = 10.13;
				MTL_ENABLE_DEBUG_INFO = NO;
				SDKROOT = macosx;
			};
			name = Release;
		};
		834B723524008DC400AB377E /* Debug */ = {
			isa = XCBuildConfiguration;
			buildSettings = {
				CODE_SIGN_STYLE = Automatic;
				PRODUCT_NAME = "$(TARGET_NAME)";
			};
			name = Debug;
		};
		834B723624008DC400AB377E /* Release */ = {
			isa = XCBuildConfiguration;
			buildSettings = {
				CODE_SIGN_STYLE = Automatic;
				PRODUCT_NAME = "$(TARGET_NAME)";
			};
			name = Release;
		};
/* End XCBuildConfiguration section */

/* Begin XCConfigurationList section */
		834B722824008DC400AB377E /* Build configuration list for PBXProject "eCash_merchant" */ = {
			isa = XCConfigurationList;
			buildConfigurations = (
				834B723224008DC400AB377E /* Debug */,
				834B723324008DC400AB377E /* Release */,
			);
			defaultConfigurationIsVisible = 0;
			defaultConfigurationName = Release;
		};
		834B723424008DC400AB377E /* Build configuration list for PBXNativeTarget "eCash_merchant" */ = {
			isa = XCConfigurationList;
			buildConfigurations = (
				834B723524008DC400AB377E /* Debug */,
				834B723624008DC400AB377E /* Release */,
			);
			defaultConfigurationIsVisible = 0;
			defaultConfigurationName = Release;
		};
/* End XCConfigurationList section */
	};
	rootObject = 834B722524008DC400AB377E /* Project object */;
}
